PODS:
  - clickio_consent_sdk (1.0.1):
    - ClickioConsentSDKManager (= 1.0.12-rc)
    - Flutter
  - ClickioConsentSDKManager (1.0.12-rc)
  - Flutter (1.0.0)
  - integration_test (0.0.1):
    - Flutter

DEPENDENCIES:
  - clickio_consent_sdk (from `.symlinks/plugins/clickio_consent_sdk/ios`)
  - Flutter (from `Flutter`)
  - integration_test (from `.symlinks/plugins/integration_test/ios`)

SPEC REPOS:
  trunk:
    - ClickioConsentSDKManager

EXTERNAL SOURCES:
  clickio_consent_sdk:
    :path: ".symlinks/plugins/clickio_consent_sdk/ios"
  Flutter:
    :path: Flutter
  integration_test:
    :path: ".symlinks/plugins/integration_test/ios"

SPEC CHECKSUMS:
  clickio_consent_sdk: 6d0f04b13aba6a85636e5def4e71cca25f150459
  ClickioConsentSDKManager: 2275218e9eea5f558d3c0f3de3b565fc985bcb7e
  Flutter: cabc95a1d2626b1b06e7179b784ebcf0c0cde467
  integration_test: 4a889634ef21a45d28d50d622cf412dc6d9f586e

PODFILE CHECKSUM: 53a6aebc29ccee84c41f92f409fc20cd4ca011f1

COCOAPODS: 1.16.2
